
Microsoft Visual Studio Solution File, Format Version 12.00
# Visual Studio 2013
VisualStudioVersion = 12.0.40629.0
MinimumVisualStudioVersion = 10.0.40219.1
Project("{8BC9CEB8-8B4A-11D0-8D11-00A0C91BC942}") = "LaunchGroundStationP2", "LaunchGroundStationP2.vcxproj", "{6F5D52DB-76AA-4811-8940-7BCE1CE4FEB3}"
EndProject
Project("{8BC9CEB8-8B4A-11D0-8D11-00A0C91BC942}") = "LatLonEepromReset", "..\LatLonEepromReset\LatLonEepromReset.vcxproj", "{67CD593C-30D6-45D9-9700-D23FB6F92BBA}"
EndProject
Global
	GlobalSection(SolutionConfigurationPlatforms) = preSolution
		Debug|Win32 = Debug|Win32
		Release|Win32 = Release|Win32
	EndGlobalSection
	GlobalSection(ProjectConfigurationPlatforms) = postSolution
		{6F5D52DB-76AA-4811-8940-7BCE1CE4FEB3}.Debug|Win32.ActiveCfg = Debug|Win32
		{6F5D52DB-76AA-4811-8940-7BCE1CE4FEB3}.Debug|Win32.Build.0 = Debug|Win32
		{6F5D52DB-76AA-4811-8940-7BCE1CE4FEB3}.Release|Win32.ActiveCfg = Release|Win32
		{6F5D52DB-76AA-4811-8940-7BCE1CE4FEB3}.Release|Win32.Build.0 = Release|Win32
		{67CD593C-30D6-45D9-9700-D23FB6F92BBA}.Debug|Win32.ActiveCfg = Debug|Win32
		{67CD593C-30D6-45D9-9700-D23FB6F92BBA}.Debug|Win32.Build.0 = Debug|Win32
		{67CD593C-30D6-45D9-9700-D23FB6F92BBA}.Release|Win32.ActiveCfg = Release|Win32
		{67CD593C-30D6-45D9-9700-D23FB6F92BBA}.Release|Win32.Build.0 = Release|Win32
	EndGlobalSection
	GlobalSection(SolutionProperties) = preSolution
		HideSolutionNode = FALSE
	EndGlobalSection
EndGlobal
